
Microsoft Visual Studio Solution File, Format Version 12.00
# Visual Studio Version 18
VisualStudioVersion = 18.2.11430.68 d18.0
MinimumVisualStudioVersion = 10.0.40219.1
Project("{FAE04EC0-301F-11D3-BF4B-00C04F79EFBC}") = "Baclib.Bacnet.Types", "Baclib.Bacnet.Types.csproj", "{8BB5B1AD-954C-065F-01D2-9179A6EEEABD}"
EndProject
Global
	GlobalSection(SolutionConfigurationPlatforms) = preSolution
		Debug|Any CPU = Debug|Any CPU
		Release|Any CPU = Release|Any CPU
	EndGlobalSection
	GlobalSection(ProjectConfigurationPlatforms) = postSolution
		{8BB5B1AD-954C-065F-01D2-9179A6EEEABD}.Debug|Any CPU.ActiveCfg = Debug|Any CPU
		{8BB5B1AD-954C-065F-01D2-9179A6EEEABD}.Debug|Any CPU.Build.0 = Debug|Any CPU
		{8BB5B1AD-954C-065F-01D2-9179A6EEEABD}.Release|Any CPU.ActiveCfg = Release|Any CPU
		{8BB5B1AD-954C-065F-01D2-9179A6EEEABD}.Release|Any CPU.Build.0 = Release|Any CPU
	EndGlobalSection
	GlobalSection(SolutionProperties) = preSolution
		HideSolutionNode = FALSE
	EndGlobalSection
	GlobalSection(ExtensibilityGlobals) = postSolution
		SolutionGuid = {E2BEFDA1-D66D-4397-BCDA-D95F234D5659}
	EndGlobalSection
EndGlobal
